
Microsoft Visual Studio Solution File, Format Version 12.00
# Visual Studio Version 16
VisualStudioVersion = 16.0.30523.141
MinimumVisualStudioVersion = 10.0.40219.1
Project("{8BC9CEB8-8B4A-11D0-8D11-00A0C91BC942}") = "Proyecto", "Proyecto\Proyecto.vcxproj", "{C30A3A04-6365-46DE-AE78-C75408D412B9}"
EndProject
Global
	GlobalSection(SolutionConfigurationPlatforms) = preSolution
		Debug|x64 = Debug|x64
		Debug|x86 = Debug|x86
		Release|x64 = Release|x64
		Release|x86 = Release|x86
	EndGlobalSection
	GlobalSection(ProjectConfigurationPlatforms) = postSolution
		{C30A3A04-6365-46DE-AE78-C75408D412B9}.Debug|x64.ActiveCfg = Debug|x64
		{C30A3A04-6365-46DE-AE78-C75408D412B9}.Debug|x64.Build.0 = Debug|x64
		{C30A3A04-6365-46DE-AE78-C75408D412B9}.Debug|x86.ActiveCfg = Debug|Win32
		{C30A3A04-6365-46DE-AE78-C75408D412B9}.Debug|x86.Build.0 = Debug|Win32
		{C30A3A04-6365-46DE-AE78-C75408D412B9}.Release|x64.ActiveCfg = Release|x64
		{C30A3A04-6365-46DE-AE78-C75408D412B9}.Release|x64.Build.0 = Release|x64
		{C30A3A04-6365-46DE-AE78-C75408D412B9}.Release|x86.ActiveCfg = Release|Win32
		{C30A3A04-6365-46DE-AE78-C75408D412B9}.Release|x86.Build.0 = Release|Win32
	EndGlobalSection
	GlobalSection(SolutionProperties) = preSolution
		HideSolutionNode = FALSE
	EndGlobalSection
	GlobalSection(ExtensibilityGlobals) = postSolution
		SolutionGuid = {E7CE5D6A-BEAC-4D0F-9EE0-ABEC66A15B77}
	EndGlobalSection
EndGlobal
